# Generated by pub
# See https://dart.dev/tools/pub/glossary#lockfile
packages:
  body_parser:
    dependency: transitive
    description:
      name: body_parser
      url: "https://pub.dartlang.org"
    source: hosted
    version: "1.1.1"
  charcode:
    dependency: transitive
    description:
      name: charcode
      url: "https://pub.dartlang.org"
    source: hosted
    version: "1.1.3"
  collection:
    dependency: transitive
    description:
      name: collection
      url: "https://pub.dartlang.org"
    source: hosted
    version: "1.14.12"
  convert:
    dependency: transitive
    description:
      name: convert
      url: "https://pub.dartlang.org"
    source: hosted
    version: "2.1.1"
  crypto:
    dependency: transitive
    description:
      name: crypto
      url: "https://pub.dartlang.org"
    source: hosted
    version: "2.1.4"
  dart2_constant:
    dependency: transitive
    description:
      name: dart2_constant
      url: "https://pub.dartlang.org"
    source: hosted
    version: "1.0.2+dart2"
  dio:
    dependency: "direct main"
    description:
      name: dio
      url: "https://pub.dartlang.org"
    source: hosted
    version: "3.0.9"
  emodebug:
    dependency: "direct main"
    description:
      name: emodebug
      url: "https://pub.dartlang.org"
    source: hosted
    version: "0.4.0"
  err:
    dependency: "direct main"
    description:
      name: err
      url: "https://pub.dartlang.org"
    source: hosted
    version: "0.9.0"
  extra_pedantic:
    dependency: "direct main"
    description:
      name: extra_pedantic
      url: "https://pub.dartlang.org"
    source: hosted
    version: "1.2.0"
  http_parser:
    dependency: transitive
    description:
      name: http_parser
      url: "https://pub.dartlang.org"
    source: hosted
    version: "3.1.4"
  http_server:
    dependency: transitive
    description:
      name: http_server
      url: "https://pub.dartlang.org"
    source: hosted
    version: "0.9.8+3"
  io:
    dependency: transitive
    description:
      name: io
      url: "https://pub.dartlang.org"
    source: hosted
    version: "0.3.4"
  iso:
    dependency: transitive
    description:
      name: iso
      url: "https://pub.dartlang.org"
    source: hosted
    version: "0.3.0"
  isohttpd:
    dependency: "direct main"
    description:
      name: isohttpd
      url: "https://pub.dartlang.org"
    source: hosted
    version: "0.4.0"
  meta:
    dependency: "direct main"
    description:
      name: meta
      url: "https://pub.dartlang.org"
    source: hosted
    version: "1.1.8"
  mime:
    dependency: transitive
    description:
      name: mime
      url: "https://pub.dartlang.org"
    source: hosted
    version: "0.9.6+3"
  path:
    dependency: transitive
    description:
      name: path
      url: "https://pub.dartlang.org"
    source: hosted
    version: "1.6.4"
  pedantic:
    dependency: "direct main"
    description:
      name: pedantic
      url: "https://pub.dartlang.org"
    source: hosted
    version: "1.9.0"
  prompts:
    dependency: "direct main"
    description:
      name: prompts
      url: "https://pub.dartlang.org"
    source: hosted
    version: "1.3.1"
  source_span:
    dependency: transitive
    description:
      name: source_span
      url: "https://pub.dartlang.org"
    source: hosted
    version: "1.7.0"
  string_scanner:
    dependency: transitive
    description:
      name: string_scanner
      url: "https://pub.dartlang.org"
    source: hosted
    version: "1.0.5"
  term_glyph:
    dependency: transitive
    description:
      name: term_glyph
      url: "https://pub.dartlang.org"
    source: hosted
    version: "1.1.0"
  typed_data:
    dependency: transitive
    description:
      name: typed_data
      url: "https://pub.dartlang.org"
    source: hosted
    version: "1.1.6"
  uuid:
    dependency: "direct main"
    description:
      name: uuid
      url: "https://pub.dartlang.org"
    source: hosted
    version: "2.0.4"
sdks:
  dart: ">=2.7.0 <3.0.0"
